
Microsoft Visual Studio Solution File, Format Version 12.00
# Visual Studio 2012
Project("{FAE04EC0-301F-11D3-BF4B-00C04F79EFBC}") = "Xamarin.Forms.NativeLogin.Facebook", "Xamarin.Forms.NativeLogin.Facebook\Xamarin.Forms.NativeLogin.Facebook.csproj", "{256C80D8-1F21-4E36-B1E7-66DFDD02B73A}"
EndProject
Project("{FAE04EC0-301F-11D3-BF4B-00C04F79EFBC}") = "Xamarin.Forms.NativeLogin.Facebook.iOS", "iOS\Xamarin.Forms.NativeLogin.Facebook.iOS.csproj", "{28698D99-1F84-4BDF-868C-23980E71409F}"
EndProject
Project("{FAE04EC0-301F-11D3-BF4B-00C04F79EFBC}") = "Xamarin.Forms.NativeLogin.Facebook.Droid", "Droid\Xamarin.Forms.NativeLogin.Facebook.Droid.csproj", "{C3CB7002-9AF6-4630-A98B-45561489F9CE}"
EndProject
Global
	GlobalSection(SolutionConfigurationPlatforms) = preSolution
		Debug|Any CPU = Debug|Any CPU
		Release|Any CPU = Release|Any CPU
		Debug|iPhoneSimulator = Debug|iPhoneSimulator
		Release|iPhone = Release|iPhone
		Release|iPhoneSimulator = Release|iPhoneSimulator
		Debug|iPhone = Debug|iPhone
	EndGlobalSection
	GlobalSection(ProjectConfigurationPlatforms) = postSolution
		{256C80D8-1F21-4E36-B1E7-66DFDD02B73A}.Debug|Any CPU.ActiveCfg = Debug|Any CPU
		{256C80D8-1F21-4E36-B1E7-66DFDD02B73A}.Debug|Any CPU.Build.0 = Debug|Any CPU
		{256C80D8-1F21-4E36-B1E7-66DFDD02B73A}.Release|Any CPU.ActiveCfg = Release|Any CPU
		{256C80D8-1F21-4E36-B1E7-66DFDD02B73A}.Release|Any CPU.Build.0 = Release|Any CPU
		{256C80D8-1F21-4E36-B1E7-66DFDD02B73A}.Debug|iPhoneSimulator.ActiveCfg = Debug|Any CPU
		{256C80D8-1F21-4E36-B1E7-66DFDD02B73A}.Debug|iPhoneSimulator.Build.0 = Debug|Any CPU
		{256C80D8-1F21-4E36-B1E7-66DFDD02B73A}.Release|iPhone.ActiveCfg = Release|Any CPU
		{256C80D8-1F21-4E36-B1E7-66DFDD02B73A}.Release|iPhone.Build.0 = Release|Any CPU
		{256C80D8-1F21-4E36-B1E7-66DFDD02B73A}.Release|iPhoneSimulator.ActiveCfg = Release|Any CPU
		{256C80D8-1F21-4E36-B1E7-66DFDD02B73A}.Release|iPhoneSimulator.Build.0 = Release|Any CPU
		{256C80D8-1F21-4E36-B1E7-66DFDD02B73A}.Debug|iPhone.ActiveCfg = Debug|Any CPU
		{256C80D8-1F21-4E36-B1E7-66DFDD02B73A}.Debug|iPhone.Build.0 = Debug|Any CPU
		{28698D99-1F84-4BDF-868C-23980E71409F}.Debug|Any CPU.ActiveCfg = Debug|iPhoneSimulator
		{28698D99-1F84-4BDF-868C-23980E71409F}.Debug|Any CPU.Build.0 = Debug|iPhoneSimulator
		{28698D99-1F84-4BDF-868C-23980E71409F}.Release|Any CPU.ActiveCfg = Release|iPhone
		{28698D99-1F84-4BDF-868C-23980E71409F}.Release|Any CPU.Build.0 = Release|iPhone
		{28698D99-1F84-4BDF-868C-23980E71409F}.Debug|iPhoneSimulator.ActiveCfg = Debug|iPhoneSimulator
		{28698D99-1F84-4BDF-868C-23980E71409F}.Debug|iPhoneSimulator.Build.0 = Debug|iPhoneSimulator
		{28698D99-1F84-4BDF-868C-23980E71409F}.Release|iPhone.ActiveCfg = Release|iPhone
		{28698D99-1F84-4BDF-868C-23980E71409F}.Release|iPhone.Build.0 = Release|iPhone
		{28698D99-1F84-4BDF-868C-23980E71409F}.Release|iPhoneSimulator.ActiveCfg = Release|iPhoneSimulator
		{28698D99-1F84-4BDF-868C-23980E71409F}.Release|iPhoneSimulator.Build.0 = Release|iPhoneSimulator
		{28698D99-1F84-4BDF-868C-23980E71409F}.Debug|iPhone.ActiveCfg = Debug|iPhone
		{28698D99-1F84-4BDF-868C-23980E71409F}.Debug|iPhone.Build.0 = Debug|iPhone
		{C3CB7002-9AF6-4630-A98B-45561489F9CE}.Debug|Any CPU.ActiveCfg = Debug|Any CPU
		{C3CB7002-9AF6-4630-A98B-45561489F9CE}.Debug|Any CPU.Build.0 = Debug|Any CPU
		{C3CB7002-9AF6-4630-A98B-45561489F9CE}.Release|Any CPU.ActiveCfg = Release|Any CPU
		{C3CB7002-9AF6-4630-A98B-45561489F9CE}.Release|Any CPU.Build.0 = Release|Any CPU
		{C3CB7002-9AF6-4630-A98B-45561489F9CE}.Debug|iPhoneSimulator.ActiveCfg = Debug|Any CPU
		{C3CB7002-9AF6-4630-A98B-45561489F9CE}.Debug|iPhoneSimulator.Build.0 = Debug|Any CPU
		{C3CB7002-9AF6-4630-A98B-45561489F9CE}.Release|iPhone.ActiveCfg = Release|Any CPU
		{C3CB7002-9AF6-4630-A98B-45561489F9CE}.Release|iPhone.Build.0 = Release|Any CPU
		{C3CB7002-9AF6-4630-A98B-45561489F9CE}.Release|iPhoneSimulator.ActiveCfg = Release|Any CPU
		{C3CB7002-9AF6-4630-A98B-45561489F9CE}.Release|iPhoneSimulator.Build.0 = Release|Any CPU
		{C3CB7002-9AF6-4630-A98B-45561489F9CE}.Debug|iPhone.ActiveCfg = Debug|Any CPU
		{C3CB7002-9AF6-4630-A98B-45561489F9CE}.Debug|iPhone.Build.0 = Debug|Any CPU
	EndGlobalSection
EndGlobal
